
Microsoft Visual Studio Solution File, Format Version 12.00
# Visual Studio Version 17
VisualStudioVersion = 17.5.33530.505
MinimumVisualStudioVersion = 10.0.40219.1
Project("{FAE04EC0-301F-11D3-BF4B-00C04F79EFBC}") = "Lab2_DiegoRivas", "Lab2_DiegoRivas\Lab2_DiegoRivas.csproj", "{9B43670C-81BD-47FF-B481-D9EFC6A3284B}"
EndProject
Global
	GlobalSection(SolutionConfigurationPlatforms) = preSolution
		Debug|Any CPU = Debug|Any CPU
		Release|Any CPU = Release|Any CPU
	EndGlobalSection
	GlobalSection(ProjectConfigurationPlatforms) = postSolution
		{9B43670C-81BD-47FF-B481-D9EFC6A3284B}.Debug|Any CPU.ActiveCfg = Debug|Any CPU
		{9B43670C-81BD-47FF-B481-D9EFC6A3284B}.Debug|Any CPU.Build.0 = Debug|Any CPU
		{9B43670C-81BD-47FF-B481-D9EFC6A3284B}.Release|Any CPU.ActiveCfg = Release|Any CPU
		{9B43670C-81BD-47FF-B481-D9EFC6A3284B}.Release|Any CPU.Build.0 = Release|Any CPU
	EndGlobalSection
	GlobalSection(SolutionProperties) = preSolution
		HideSolutionNode = FALSE
	EndGlobalSection
	GlobalSection(ExtensibilityGlobals) = postSolution
		SolutionGuid = {32558B18-B623-47E2-89DE-5B5800D60C0A}
	EndGlobalSection
EndGlobal
